PODS:
  - Alamofire (5.4.3)
  - Moya (14.0.0):
    - Moya/Core (= 14.0.0)
  - Moya/Core (14.0.0):
    - Alamofire (~> 5.0)
  - Realm (10.7.4):
    - Realm/Headers (= 10.7.4)
  - Realm/Headers (10.7.4)
  - RealmSwift (10.7.4):
    - Realm (= 10.7.4)

DEPENDENCIES:
  - Moya (~> 14.0)
  - RealmSwift

SPEC REPOS:
  trunk:
    - Alamofire
    - Moya
    - Realm
    - RealmSwift

SPEC CHECKSUMS:
  Alamofire: e447a2774a40c996748296fa2c55112fdbbc42f9
  Moya: 5b45dacb75adb009f97fde91c204c1e565d31916
  Realm: f08ce1a85649a41303ecfe1cbd914c62e9e6d710
  RealmSwift: 60ec49d165f23d040ab48811d8dd177e09baf4d3

PODFILE CHECKSUM: 1143dc9ae4022a039bceba972d079a7a3b658d75

COCOAPODS: 1.10.1
