// !$*UTF8*$!
{
	archiveVersion = 1;
	classes = {
	};
	objectVersion = 51;
	objects = {

/* Begin PBXBuildFile section */
		88BC4BA32699730500A7F289 /* AppDelegate.swift in Sources */ = {isa = PBXBuildFile; fileRef = 88BC4BA22699730500A7F289 /* AppDelegate.swift */; };
		88BC4BA52699730500A7F289 /* SceneDelegate.swift in Sources */ = {isa = PBXBuildFile; fileRef = 88BC4BA42699730500A7F289 /* SceneDelegate.swift */; };
		88BC4BAC2699730900A7F289 /* Assets.xcassets in Resources */ = {isa = PBXBuildFile; fileRef = 88BC4BAB2699730900A7F289 /* Assets.xcassets */; };
		88BC4BAF2699730900A7F289 /* LaunchScreen.storyboard in Resources */ = {isa = PBXBuildFile; fileRef = 88BC4BAD2699730900A7F289 /* LaunchScreen.storyboard */; };
		88BC4BC326997BFB00A7F289 /* ForecastInfo.swift in Sources */ = {isa = PBXBuildFile; fileRef = 88BC4BC226997BFB00A7F289 /* ForecastInfo.swift */; };
		88BC4BC626997C2D00A7F289 /* Forcast.swift in Sources */ = {isa = PBXBuildFile; fileRef = 88BC4BC526997C2D00A7F289 /* Forcast.swift */; };
		88BC4BC926997C5F00A7F289 /* Parts.swift in Sources */ = {isa = PBXBuildFile; fileRef = 88BC4BC826997C5F00A7F289 /* Parts.swift */; };
		88BC4BCC26997CAD00A7F289 /* Day.swift in Sources */ = {isa = PBXBuildFile; fileRef = 88BC4BCB26997CAD00A7F289 /* Day.swift */; };
		88BC4BCF26997CDD00A7F289 /* Hour.swift in Sources */ = {isa = PBXBuildFile; fileRef = 88BC4BCE26997CDD00A7F289 /* Hour.swift */; };
		88BC4BD426997F6900A7F289 /* WeatherService.swift in Sources */ = {isa = PBXBuildFile; fileRef = 88BC4BD326997F6900A7F289 /* WeatherService.swift */; };
		88BC4BD72699828900A7F289 /* NetworkService.swift in Sources */ = {isa = PBXBuildFile; fileRef = 88BC4BD62699828900A7F289 /* NetworkService.swift */; };
		88BC4BDF269996E600A7F289 /* LocationService.swift in Sources */ = {isa = PBXBuildFile; fileRef = 88BC4BDE269996E600A7F289 /* LocationService.swift */; };
		88BC4BE42699993700A7F289 /* DatabaseService.swift in Sources */ = {isa = PBXBuildFile; fileRef = 88BC4BE32699993700A7F289 /* DatabaseService.swift */; };
		C63C765759D10763AF907C98 /* Pods_YandexWeather.framework in Frameworks */ = {isa = PBXBuildFile; fileRef = 0576C9C8F5BDD21F15280D31 /* Pods_YandexWeather.framework */; };
/* End PBXBuildFile section */

/* Begin PBXFileReference section */
		0576C9C8F5BDD21F15280D31 /* Pods_YandexWeather.framework */ = {isa = PBXFileReference; explicitFileType = wrapper.framework; includeInIndex = 0; path = Pods_YandexWeather.framework; sourceTree = BUILT_PRODUCTS_DIR; };
		14552370B0434D3775943D5E /* Pods-YandexWeather.debug.xcconfig */ = {isa = PBXFileReference; includeInIndex = 1; lastKnownFileType = text.xcconfig; name = "Pods-YandexWeather.debug.xcconfig"; path = "Target Support Files/Pods-YandexWeather/Pods-YandexWeather.debug.xcconfig"; sourceTree = "<group>"; };
		88BC4B9F2699730500A7F289 /* YandexWeather.app */ = {isa = PBXFileReference; explicitFileType = wrapper.application; includeInIndex = 0; path = YandexWeather.app; sourceTree = BUILT_PRODUCTS_DIR; };
		88BC4BA22699730500A7F289 /* AppDelegate.swift */ = {isa = PBXFileReference; lastKnownFileType = sourcecode.swift; path = AppDelegate.swift; sourceTree = "<group>"; };
		88BC4BA42699730500A7F289 /* SceneDelegate.swift */ = {isa = PBXFileReference; lastKnownFileType = sourcecode.swift; path = SceneDelegate.swift; sourceTree = "<group>"; };
		88BC4BAB2699730900A7F289 /* Assets.xcassets */ = {isa = PBXFileReference; lastKnownFileType = folder.assetcatalog; path = Assets.xcassets; sourceTree = "<group>"; };
		88BC4BAE2699730900A7F289 /* Base */ = {isa = PBXFileReference; lastKnownFileType = file.storyboard; name = Base; path = Base.lproj/LaunchScreen.storyboard; sourceTree = "<group>"; };
		88BC4BB02699730900A7F289 /* Info.plist */ = {isa = PBXFileReference; lastKnownFileType = text.plist.xml; path = Info.plist; sourceTree = "<group>"; };
		88BC4BC226997BFB00A7F289 /* ForecastInfo.swift */ = {isa = PBXFileReference; lastKnownFileType = sourcecode.swift; path = ForecastInfo.swift; sourceTree = "<group>"; };
		88BC4BC526997C2D00A7F289 /* Forcast.swift */ = {isa = PBXFileReference; lastKnownFileType = sourcecode.swift; path = Forcast.swift; sourceTree = "<group>"; };
		88BC4BC826997C5F00A7F289 /* Parts.swift */ = {isa = PBXFileReference; lastKnownFileType = sourcecode.swift; path = Parts.swift; sourceTree = "<group>"; };
		88BC4BCB26997CAD00A7F289 /* Day.swift */ = {isa = PBXFileReference; lastKnownFileType = sourcecode.swift; path = Day.swift; sourceTree = "<group>"; };
		88BC4BCE26997CDD00A7F289 /* Hour.swift */ = {isa = PBXFileReference; lastKnownFileType = sourcecode.swift; path = Hour.swift; sourceTree = "<group>"; };
		88BC4BD326997F6900A7F289 /* WeatherService.swift */ = {isa = PBXFileReference; lastKnownFileType = sourcecode.swift; path = WeatherService.swift; sourceTree = "<group>"; };
		88BC4BD62699828900A7F289 /* NetworkService.swift */ = {isa = PBXFileReference; lastKnownFileType = sourcecode.swift; path = NetworkService.swift; sourceTree = "<group>"; };
		88BC4BDE269996E600A7F289 /* LocationService.swift */ = {isa = PBXFileReference; lastKnownFileType = sourcecode.swift; path = LocationService.swift; sourceTree = "<group>"; };
		88BC4BE32699993700A7F289 /* DatabaseService.swift */ = {isa = PBXFileReference; lastKnownFileType = sourcecode.swift; path = DatabaseService.swift; sourceTree = "<group>"; };
		B6D2E35109CDE1157FEB85BA /* Pods-YandexWeather.release.xcconfig */ = {isa = PBXFileReference; includeInIndex = 1; lastKnownFileType = text.xcconfig; name = "Pods-YandexWeather.release.xcconfig"; path = "Target Support Files/Pods-YandexWeather/Pods-YandexWeather.release.xcconfig"; sourceTree = "<group>"; };
/* End PBXFileReference section */

/* Begin PBXFrameworksBuildPhase section */
		88BC4B9C2699730500A7F289 /* Frameworks */ = {
			isa = PBXFrameworksBuildPhase;
			buildActionMask = 2147483647;
			files = (
				C63C765759D10763AF907C98 /* Pods_YandexWeather.framework in Frameworks */,
			);
			runOnlyForDeploymentPostprocessing = 0;
		};
/* End PBXFrameworksBuildPhase section */

/* Begin PBXGroup section */
		7058A1C65F70C894AB8532EC /* Frameworks */ = {
			isa = PBXGroup;
			children = (
				0576C9C8F5BDD21F15280D31 /* Pods_YandexWeather.framework */,
			);
			name = Frameworks;
			sourceTree = "<group>";
		};
		88BC4B962699730500A7F289 = {
			isa = PBXGroup;
			children = (
				88BC4BA12699730500A7F289 /* YandexWeather */,
				88BC4BA02699730500A7F289 /* Products */,
				DC4B53E927A4F17FE9E19495 /* Pods */,
				7058A1C65F70C894AB8532EC /* Frameworks */,
			);
			sourceTree = "<group>";
		};
		88BC4BA02699730500A7F289 /* Products */ = {
			isa = PBXGroup;
			children = (
				88BC4B9F2699730500A7F289 /* YandexWeather.app */,
			);
			name = Products;
			sourceTree = "<group>";
		};
		88BC4BA12699730500A7F289 /* YandexWeather */ = {
			isa = PBXGroup;
			children = (
				88BC4BD126997F4600A7F289 /* Service */,
				88BC4BBF26997BBC00A7F289 /* Entity */,
				88BC4BDB2699966E00A7F289 /* SupportingFiles */,
				88BC4BB02699730900A7F289 /* Info.plist */,
			);
			path = YandexWeather;
			sourceTree = "<group>";
		};
		88BC4BBF26997BBC00A7F289 /* Entity */ = {
			isa = PBXGroup;
			children = (
				88BC4BC026997BE400A7F289 /* API */,
			);
			path = Entity;
			sourceTree = "<group>";
		};
		88BC4BC026997BE400A7F289 /* API */ = {
			isa = PBXGroup;
			children = (
				88BC4BC226997BFB00A7F289 /* ForecastInfo.swift */,
				88BC4BC526997C2D00A7F289 /* Forcast.swift */,
				88BC4BC826997C5F00A7F289 /* Parts.swift */,
				88BC4BCB26997CAD00A7F289 /* Day.swift */,
				88BC4BCE26997CDD00A7F289 /* Hour.swift */,
			);
			path = API;
			sourceTree = "<group>";
		};
		88BC4BD126997F4600A7F289 /* Service */ = {
			isa = PBXGroup;
			children = (
				88BC4BE22699991600A7F289 /* Database */,
				88BC4BDD269996DC00A7F289 /* Location */,
				88BC4BD226997F4E00A7F289 /* Network */,
			);
			path = Service;
			sourceTree = "<group>";
		};
		88BC4BD226997F4E00A7F289 /* Network */ = {
			isa = PBXGroup;
			children = (
				88BC4BD326997F6900A7F289 /* WeatherService.swift */,
				88BC4BD62699828900A7F289 /* NetworkService.swift */,
			);
			path = Network;
			sourceTree = "<group>";
		};
		88BC4BDB2699966E00A7F289 /* SupportingFiles */ = {
			isa = PBXGroup;
			children = (
				88BC4BA22699730500A7F289 /* AppDelegate.swift */,
				88BC4BA42699730500A7F289 /* SceneDelegate.swift */,
				88BC4BAB2699730900A7F289 /* Assets.xcassets */,
				88BC4BAD2699730900A7F289 /* LaunchScreen.storyboard */,
			);
			path = SupportingFiles;
			sourceTree = "<group>";
		};
		88BC4BDD269996DC00A7F289 /* Location */ = {
			isa = PBXGroup;
			children = (
				88BC4BDE269996E600A7F289 /* LocationService.swift */,
			);
			path = Location;
			sourceTree = "<group>";
		};
		88BC4BE22699991600A7F289 /* Database */ = {
			isa = PBXGroup;
			children = (
				88BC4BE32699993700A7F289 /* DatabaseService.swift */,
			);
			path = Database;
			sourceTree = "<group>";
		};
		DC4B53E927A4F17FE9E19495 /* Pods */ = {
			isa = PBXGroup;
			children = (
				14552370B0434D3775943D5E /* Pods-YandexWeather.debug.xcconfig */,
				B6D2E35109CDE1157FEB85BA /* Pods-YandexWeather.release.xcconfig */,
			);
			path = Pods;
			sourceTree = "<group>";
		};
/* End PBXGroup section */

/* Begin PBXNativeTarget section */
		88BC4B9E2699730500A7F289 /* YandexWeather */ = {
			isa = PBXNativeTarget;
			buildConfigurationList = 88BC4BB32699730900A7F289 /* Build configuration list for PBXNativeTarget "YandexWeather" */;
			buildPhases = (
				E9AAD0C1672F50EAE98666A6 /* [CP] Check Pods Manifest.lock */,
				88BC4B9B2699730500A7F289 /* Sources */,
				88BC4B9C2699730500A7F289 /* Frameworks */,
				88BC4B9D2699730500A7F289 /* Resources */,
				E97E65BC72F865AD3ECADD6C /* [CP] Embed Pods Frameworks */,
			);
			buildRules = (
			);
			dependencies = (
			);
			name = YandexWeather;
			productName = YandexWeather;
			productReference = 88BC4B9F2699730500A7F289 /* YandexWeather.app */;
			productType = "com.apple.product-type.application";
		};
/* End PBXNativeTarget section */

/* Begin PBXProject section */
		88BC4B972699730500A7F289 /* Project object */ = {
			isa = PBXProject;
			attributes = {
				LastSwiftUpdateCheck = 1230;
				LastUpgradeCheck = 1230;
				TargetAttributes = {
					88BC4B9E2699730500A7F289 = {
						CreatedOnToolsVersion = 12.3;
					};
				};
			};
			buildConfigurationList = 88BC4B9A2699730500A7F289 /* Build configuration list for PBXProject "YandexWeather" */;
			compatibilityVersion = "Xcode 9.3";
			developmentRegion = en;
			hasScannedForEncodings = 0;
			knownRegions = (
				en,
				Base,
			);
			mainGroup = 88BC4B962699730500A7F289;
			productRefGroup = 88BC4BA02699730500A7F289 /* Products */;
			projectDirPath = "";
			projectRoot = "";
			targets = (
				88BC4B9E2699730500A7F289 /* YandexWeather */,
			);
		};
/* End PBXProject section */

/* Begin PBXResourcesBuildPhase section */
		88BC4B9D2699730500A7F289 /* Resources */ = {
			isa = PBXResourcesBuildPhase;
			buildActionMask = 2147483647;
			files = (
				88BC4BAF2699730900A7F289 /* LaunchScreen.storyboard in Resources */,
				88BC4BAC2699730900A7F289 /* Assets.xcassets in Resources */,
			);
			runOnlyForDeploymentPostprocessing = 0;
		};
/* End PBXResourcesBuildPhase section */

/* Begin PBXShellScriptBuildPhase section */
		E97E65BC72F865AD3ECADD6C /* [CP] Embed Pods Frameworks */ = {
			isa = PBXShellScriptBuildPhase;
			buildActionMask = 2147483647;
			files = (
			);
			inputFileListPaths = (
				"${PODS_ROOT}/Target Support Files/Pods-YandexWeather/Pods-YandexWeather-frameworks-${CONFIGURATION}-input-files.xcfilelist",
			);
			name = "[CP] Embed Pods Frameworks";
			outputFileListPaths = (
				"${PODS_ROOT}/Target Support Files/Pods-YandexWeather/Pods-YandexWeather-frameworks-${CONFIGURATION}-output-files.xcfilelist",
			);
			runOnlyForDeploymentPostprocessing = 0;
			shellPath = /bin/sh;
			shellScript = "\"${PODS_ROOT}/Target Support Files/Pods-YandexWeather/Pods-YandexWeather-frameworks.sh\"\n";
			showEnvVarsInLog = 0;
		};
		E9AAD0C1672F50EAE98666A6 /* [CP] Check Pods Manifest.lock */ = {
			isa = PBXShellScriptBuildPhase;
			buildActionMask = 2147483647;
			files = (
			);
			inputFileListPaths = (
			);
			inputPaths = (
				"${PODS_PODFILE_DIR_PATH}/Podfile.lock",
				"${PODS_ROOT}/Manifest.lock",
			);
			name = "[CP] Check Pods Manifest.lock";
			outputFileListPaths = (
			);
			outputPaths = (
				"$(DERIVED_FILE_DIR)/Pods-YandexWeather-checkManifestLockResult.txt",
			);
			runOnlyForDeploymentPostprocessing = 0;
			shellPath = /bin/sh;
			shellScript = "diff \"${PODS_PODFILE_DIR_PATH}/Podfile.lock\" \"${PODS_ROOT}/Manifest.lock\" > /dev/null\nif [ $? != 0 ] ; then\n    # print error to STDERR\n    echo \"error: The sandbox is not in sync with the Podfile.lock. Run 'pod install' or update your CocoaPods installation.\" >&2\n    exit 1\nfi\n# This output is used by Xcode 'outputs' to avoid re-running this script phase.\necho \"SUCCESS\" > \"${SCRIPT_OUTPUT_FILE_0}\"\n";
			showEnvVarsInLog = 0;
		};
/* End PBXShellScriptBuildPhase section */

/* Begin PBXSourcesBuildPhase section */
		88BC4B9B2699730500A7F289 /* Sources */ = {
			isa = PBXSourcesBuildPhase;
			buildActionMask = 2147483647;
			files = (
				88BC4BD72699828900A7F289 /* NetworkService.swift in Sources */,
				88BC4BCC26997CAD00A7F289 /* Day.swift in Sources */,
				88BC4BDF269996E600A7F289 /* LocationService.swift in Sources */,
				88BC4BC326997BFB00A7F289 /* ForecastInfo.swift in Sources */,
				88BC4BC626997C2D00A7F289 /* Forcast.swift in Sources */,
				88BC4BCF26997CDD00A7F289 /* Hour.swift in Sources */,
				88BC4BD426997F6900A7F289 /* WeatherService.swift in Sources */,
				88BC4BA32699730500A7F289 /* AppDelegate.swift in Sources */,
				88BC4BC926997C5F00A7F289 /* Parts.swift in Sources */,
				88BC4BA52699730500A7F289 /* SceneDelegate.swift in Sources */,
				88BC4BE42699993700A7F289 /* DatabaseService.swift in Sources */,
			);
			runOnlyForDeploymentPostprocessing = 0;
		};
/* End PBXSourcesBuildPhase section */

/* Begin PBXVariantGroup section */
		88BC4BAD2699730900A7F289 /* LaunchScreen.storyboard */ = {
			isa = PBXVariantGroup;
			children = (
				88BC4BAE2699730900A7F289 /* Base */,
			);
			name = LaunchScreen.storyboard;
			sourceTree = "<group>";
		};
/* End PBXVariantGroup section */

/* Begin XCBuildConfiguration section */
		88BC4BB12699730900A7F289 /* Debug */ = {
			isa = XCBuildConfiguration;
			buildSettings = {
				ALWAYS_SEARCH_USER_PATHS = NO;
				CLANG_ANALYZER_NONNULL = YES;
				CLANG_ANALYZER_NUMBER_OBJECT_CONVERSION = YES_AGGRESSIVE;
				CLANG_CXX_LANGUAGE_STANDARD = "gnu++14";
				CLANG_CXX_LIBRARY = "libc++";
				CLANG_ENABLE_MODULES = YES;
				CLANG_ENABLE_OBJC_ARC = YES;
				CLANG_ENABLE_OBJC_WEAK = YES;
				CLANG_WARN_BLOCK_CAPTURE_AUTORELEASING = YES;
				CLANG_WARN_BOOL_CONVERSION = YES;
				CLANG_WARN_COMMA = YES;
				CLANG_WARN_CONSTANT_CONVERSION = YES;
				CLANG_WARN_DEPRECATED_OBJC_IMPLEMENTATIONS = YES;
				CLANG_WARN_DIRECT_OBJC_ISA_USAGE = YES_ERROR;
				CLANG_WARN_DOCUMENTATION_COMMENTS = YES;
				CLANG_WARN_EMPTY_BODY = YES;
				CLANG_WARN_ENUM_CONVERSION = YES;
				CLANG_WARN_INFINITE_RECURSION = YES;
				CLANG_WARN_INT_CONVERSION = YES;
				CLANG_WARN_NON_LITERAL_NULL_CONVERSION = YES;
				CLANG_WARN_OBJC_IMPLICIT_RETAIN_SELF = YES;
				CLANG_WARN_OBJC_LITERAL_CONVERSION = YES;
				CLANG_WARN_OBJC_ROOT_CLASS = YES_ERROR;
				CLANG_WARN_QUOTED_INCLUDE_IN_FRAMEWORK_HEADER = YES;
				CLANG_WARN_RANGE_LOOP_ANALYSIS = YES;
				CLANG_WARN_STRICT_PROTOTYPES = YES;
				CLANG_WARN_SUSPICIOUS_MOVE = YES;
				CLANG_WARN_UNGUARDED_AVAILABILITY = YES_AGGRESSIVE;
				CLANG_WARN_UNREACHABLE_CODE = YES;
				CLANG_WARN__DUPLICATE_METHOD_MATCH = YES;
				COPY_PHASE_STRIP = NO;
				DEBUG_INFORMATION_FORMAT = dwarf;
				ENABLE_STRICT_OBJC_MSGSEND = YES;
				ENABLE_TESTABILITY = YES;
				GCC_C_LANGUAGE_STANDARD = gnu11;
				GCC_DYNAMIC_NO_PIC = NO;
				GCC_NO_COMMON_BLOCKS = YES;
				GCC_OPTIMIZATION_LEVEL = 0;
				GCC_PREPROCESSOR_DEFINITIONS = (
					"DEBUG=1",
					"$(inherited)",
				);
				GCC_WARN_64_TO_32_BIT_CONVERSION = YES;
				GCC_WARN_ABOUT_RETURN_TYPE = YES_ERROR;
				GCC_WARN_UNDECLARED_SELECTOR = YES;
				GCC_WARN_UNINITIALIZED_AUTOS = YES_AGGRESSIVE;
				GCC_WARN_UNUSED_FUNCTION = YES;
				GCC_WARN_UNUSED_VARIABLE = YES;
				IPHONEOS_DEPLOYMENT_TARGET = 14.3;
				MTL_ENABLE_DEBUG_INFO = INCLUDE_SOURCE;
				MTL_FAST_MATH = YES;
				ONLY_ACTIVE_ARCH = YES;
				SDKROOT = iphoneos;
				SWIFT_ACTIVE_COMPILATION_CONDITIONS = DEBUG;
				SWIFT_OPTIMIZATION_LEVEL = "-Onone";
			};
			name = Debug;
		};
		88BC4BB22699730900A7F289 /* Release */ = {
			isa = XCBuildConfiguration;
			buildSettings = {
				ALWAYS_SEARCH_USER_PATHS = NO;
				CLANG_ANALYZER_NONNULL = YES;
				CLANG_ANALYZER_NUMBER_OBJECT_CONVERSION = YES_AGGRESSIVE;
				CLANG_CXX_LANGUAGE_STANDARD = "gnu++14";
				CLANG_CXX_LIBRARY = "libc++";
				CLANG_ENABLE_MODULES = YES;
				CLANG_ENABLE_OBJC_ARC = YES;
				CLANG_ENABLE_OBJC_WEAK = YES;
				CLANG_WARN_BLOCK_CAPTURE_AUTORELEASING = YES;
				CLANG_WARN_BOOL_CONVERSION = YES;
				CLANG_WARN_COMMA = YES;
				CLANG_WARN_CONSTANT_CONVERSION = YES;
				CLANG_WARN_DEPRECATED_OBJC_IMPLEMENTATIONS = YES;
				CLANG_WARN_DIRECT_OBJC_ISA_USAGE = YES_ERROR;
				CLANG_WARN_DOCUMENTATION_COMMENTS = YES;
				CLANG_WARN_EMPTY_BODY = YES;
				CLANG_WARN_ENUM_CONVERSION = YES;
				CLANG_WARN_INFINITE_RECURSION = YES;
				CLANG_WARN_INT_CONVERSION = YES;
				CLANG_WARN_NON_LITERAL_NULL_CONVERSION = YES;
				CLANG_WARN_OBJC_IMPLICIT_RETAIN_SELF = YES;
				CLANG_WARN_OBJC_LITERAL_CONVERSION = YES;
				CLANG_WARN_OBJC_ROOT_CLASS = YES_ERROR;
				CLANG_WARN_QUOTED_INCLUDE_IN_FRAMEWORK_HEADER = YES;
				CLANG_WARN_RANGE_LOOP_ANALYSIS = YES;
				CLANG_WARN_STRICT_PROTOTYPES = YES;
				CLANG_WARN_SUSPICIOUS_MOVE = YES;
				CLANG_WARN_UNGUARDED_AVAILABILITY = YES_AGGRESSIVE;
				CLANG_WARN_UNREACHABLE_CODE = YES;
				CLANG_WARN__DUPLICATE_METHOD_MATCH = YES;
				COPY_PHASE_STRIP = NO;
				DEBUG_INFORMATION_FORMAT = "dwarf-with-dsym";
				ENABLE_NS_ASSERTIONS = NO;
				ENABLE_STRICT_OBJC_MSGSEND = YES;
				GCC_C_LANGUAGE_STANDARD = gnu11;
				GCC_NO_COMMON_BLOCKS = YES;
				GCC_WARN_64_TO_32_BIT_CONVERSION = YES;
				GCC_WARN_ABOUT_RETURN_TYPE = YES_ERROR;
				GCC_WARN_UNDECLARED_SELECTOR = YES;
				GCC_WARN_UNINITIALIZED_AUTOS = YES_AGGRESSIVE;
				GCC_WARN_UNUSED_FUNCTION = YES;
				GCC_WARN_UNUSED_VARIABLE = YES;
				IPHONEOS_DEPLOYMENT_TARGET = 14.3;
				MTL_ENABLE_DEBUG_INFO = NO;
				MTL_FAST_MATH = YES;
				SDKROOT = iphoneos;
				SWIFT_COMPILATION_MODE = wholemodule;
				SWIFT_OPTIMIZATION_LEVEL = "-O";
				VALIDATE_PRODUCT = YES;
			};
			name = Release;
		};
		88BC4BB42699730900A7F289 /* Debug */ = {
			isa = XCBuildConfiguration;
			baseConfigurationReference = 14552370B0434D3775943D5E /* Pods-YandexWeather.debug.xcconfig */;
			buildSettings = {
				ASSETCATALOG_COMPILER_APPICON_NAME = AppIcon;
				ASSETCATALOG_COMPILER_GLOBAL_ACCENT_COLOR_NAME = AccentColor;
				CODE_SIGN_STYLE = Automatic;
				DEVELOPMENT_TEAM = 44ZWCLCJ2W;
				INFOPLIST_FILE = YandexWeather/Info.plist;
				LD_RUNPATH_SEARCH_PATHS = (
					"$(inherited)",
					"@executable_path/Frameworks",
				);
				PRODUCT_BUNDLE_IDENTIFIER = com.icloud.valter4234.YandexWeather;
				PRODUCT_NAME = "$(TARGET_NAME)";
				SWIFT_VERSION = 5.0;
				TARGETED_DEVICE_FAMILY = "1,2";
			};
			name = Debug;
		};
		88BC4BB52699730900A7F289 /* Release */ = {
			isa = XCBuildConfiguration;
			baseConfigurationReference = B6D2E35109CDE1157FEB85BA /* Pods-YandexWeather.release.xcconfig */;
			buildSettings = {
				ASSETCATALOG_COMPILER_APPICON_NAME = AppIcon;
				ASSETCATALOG_COMPILER_GLOBAL_ACCENT_COLOR_NAME = AccentColor;
				CODE_SIGN_STYLE = Automatic;
				DEVELOPMENT_TEAM = 44ZWCLCJ2W;
				INFOPLIST_FILE = YandexWeather/Info.plist;
				LD_RUNPATH_SEARCH_PATHS = (
					"$(inherited)",
					"@executable_path/Frameworks",
				);
				PRODUCT_BUNDLE_IDENTIFIER = com.icloud.valter4234.YandexWeather;
				PRODUCT_NAME = "$(TARGET_NAME)";
				SWIFT_VERSION = 5.0;
				TARGETED_DEVICE_FAMILY = "1,2";
			};
			name = Release;
		};
/* End XCBuildConfiguration section */

/* Begin XCConfigurationList section */
		88BC4B9A2699730500A7F289 /* Build configuration list for PBXProject "YandexWeather" */ = {
			isa = XCConfigurationList;
			buildConfigurations = (
				88BC4BB12699730900A7F289 /* Debug */,
				88BC4BB22699730900A7F289 /* Release */,
			);
			defaultConfigurationIsVisible = 0;
			defaultConfigurationName = Release;
		};
		88BC4BB32699730900A7F289 /* Build configuration list for PBXNativeTarget "YandexWeather" */ = {
			isa = XCConfigurationList;
			buildConfigurations = (
				88BC4BB42699730900A7F289 /* Debug */,
				88BC4BB52699730900A7F289 /* Release */,
			);
			defaultConfigurationIsVisible = 0;
			defaultConfigurationName = Release;
		};
/* End XCConfigurationList section */
	};
	rootObject = 88BC4B972699730500A7F289 /* Project object */;
}
